
Microsoft Visual Studio Solution File, Format Version 12.00
# Visual Studio Version 17
VisualStudioVersion = 17.13.35919.96 d17.13
MinimumVisualStudioVersion = 10.0.40219.1
Project("{FAE04EC0-301F-11D3-BF4B-00C04F79EFBC}") = "SingXml", "SingXml\SingXml.csproj", "{0D250A59-50E5-4D8E-A5F9-75D18AD7BA09}"
EndProject
Project("{FAE04EC0-301F-11D3-BF4B-00C04F79EFBC}") = "Test", "Test\Test.csproj", "{7B09F6CE-D3AF-40E4-A237-9736DAED8413}"
EndProject
Global
	GlobalSection(SolutionConfigurationPlatforms) = preSolution
		Debug|Any CPU = Debug|Any CPU
		Release|Any CPU = Release|Any CPU
	EndGlobalSection
	GlobalSection(ProjectConfigurationPlatforms) = postSolution
		{0D250A59-50E5-4D8E-A5F9-75D18AD7BA09}.Debug|Any CPU.ActiveCfg = Debug|Any CPU
		{0D250A59-50E5-4D8E-A5F9-75D18AD7BA09}.Debug|Any CPU.Build.0 = Debug|Any CPU
		{0D250A59-50E5-4D8E-A5F9-75D18AD7BA09}.Release|Any CPU.ActiveCfg = Release|Any CPU
		{0D250A59-50E5-4D8E-A5F9-75D18AD7BA09}.Release|Any CPU.Build.0 = Release|Any CPU
		{7B09F6CE-D3AF-40E4-A237-9736DAED8413}.Debug|Any CPU.ActiveCfg = Debug|Any CPU
		{7B09F6CE-D3AF-40E4-A237-9736DAED8413}.Debug|Any CPU.Build.0 = Debug|Any CPU
		{7B09F6CE-D3AF-40E4-A237-9736DAED8413}.Release|Any CPU.ActiveCfg = Release|Any CPU
		{7B09F6CE-D3AF-40E4-A237-9736DAED8413}.Release|Any CPU.Build.0 = Release|Any CPU
	EndGlobalSection
	GlobalSection(SolutionProperties) = preSolution
		HideSolutionNode = FALSE
	EndGlobalSection
	GlobalSection(ExtensibilityGlobals) = postSolution
		SolutionGuid = {E6AF63FD-669B-4420-80D0-1017E3B3B321}
	EndGlobalSection
EndGlobal
